PODS:
  - SVProgressHUD (2.3.1):
    - SVProgressHUD/Core (= 2.3.1)
  - SVProgressHUD/Core (2.3.1)
  - XMLCoder (0.14.0)

DEPENDENCIES:
  - SVProgressHUD
  - XMLCoder

SPEC REPOS:
  trunk:
    - SVProgressHUD
    - XMLCoder

SPEC CHECKSUMS:
  SVProgressHUD: 4837c74bdfe2e51e8821c397825996a8d7de6e22
  XMLCoder: 0199b725702f32aa3190a88ea2f6fb4847bfe1d1

PODFILE CHECKSUM: 4cd9cfd16e83e2fadf7777c0947a2a9c8c4cb9dd

COCOAPODS: 1.16.2
